
Microsoft Visual Studio Solution File, Format Version 12.00
# Visual Studio Version 16
VisualStudioVersion = 16.0.30717.126
MinimumVisualStudioVersion = 10.0.40219.1
Project("{FAE04EC0-301F-11D3-BF4B-00C04F79EFBC}") = "VirtualWelshWalk", "VirtualWelshWalk\VirtualWelshWalk.csproj", "{BC5067B8-5F4B-4C07-B5FF-BA8EC442CB9E}"
EndProject
Global
	GlobalSection(SolutionConfigurationPlatforms) = preSolution
		Debug|Any CPU = Debug|Any CPU
		Release|Any CPU = Release|Any CPU
	EndGlobalSection
	GlobalSection(ProjectConfigurationPlatforms) = postSolution
		{BC5067B8-5F4B-4C07-B5FF-BA8EC442CB9E}.Debug|Any CPU.ActiveCfg = Debug|Any CPU
		{BC5067B8-5F4B-4C07-B5FF-BA8EC442CB9E}.Debug|Any CPU.Build.0 = Debug|Any CPU
		{BC5067B8-5F4B-4C07-B5FF-BA8EC442CB9E}.Release|Any CPU.ActiveCfg = Release|Any CPU
		{BC5067B8-5F4B-4C07-B5FF-BA8EC442CB9E}.Release|Any CPU.Build.0 = Release|Any CPU
	EndGlobalSection
	GlobalSection(SolutionProperties) = preSolution
		HideSolutionNode = FALSE
	EndGlobalSection
	GlobalSection(ExtensibilityGlobals) = postSolution
		SolutionGuid = {9C1ED143-91BB-456B-BD91-7DB45BAE881A}
	EndGlobalSection
EndGlobal
